// !$*UTF8*$!
{
	archiveVersion = 1;
	classes = {
	};
	objectVersion = 77;
	objects = {

/* Begin PBXBuildFile section */
		AA110011AA110011AA110011 /* TimelogSync in Frameworks */ = {isa = PBXBuildFile; productRef = AA110012AA110012AA110012 /* TimelogSync */; };
		B17066319DDC41458A535522 /* TimelogCore in Frameworks */ = {isa = PBXBuildFile; productRef = CD0C797427FE40D09F52EBAA /* TimelogCore */; };
		B17066329DDC41458A535522 /* TimelogCore in Frameworks */ = {isa = PBXBuildFile; productRef = CD0C797427FE40D09F52EBAA /* TimelogCore */; };
		FA00000CFA00000CFA00000C /* TimelogCore in Frameworks */ = {isa = PBXBuildFile; productRef = FA00000BFA00000BFA00000B /* TimelogCore */; };
		FA00000DFA00000DFA00000D /* TimelogWidget.appex in Embed Foundation Extensions */ = {isa = PBXBuildFile; fileRef = FA000002FA000002FA000002 /* TimelogWidget.appex */; platformFilter = ios; settings = {ATTRIBUTES = (RemoveHeadersOnCopy, ); }; };
/* End PBXBuildFile section */

/* Begin PBXContainerItemProxy section */
		FA000010FA000010FA000010 /* PBXContainerItemProxy */ = {
			isa = PBXContainerItemProxy;
			containerPortal = E97A4C692FAFE9D100C528C1 /* Project object */;
			proxyType = 1;
			remoteGlobalIDString = FA000001FA000001FA000001;
			remoteInfo = TimelogWidget;
		};
		E97A4C832FAFE9D300C528C1 /* PBXContainerItemProxy */ = {
			isa = PBXContainerItemProxy;
			containerPortal = E97A4C692FAFE9D100C528C1 /* Project object */;
			proxyType = 1;
			remoteGlobalIDString = E97A4C702FAFE9D100C528C1;
			remoteInfo = Timelog;
		};
		E97A4C8D2FAFE9D300C528C1 /* PBXContainerItemProxy */ = {
			isa = PBXContainerItemProxy;
			containerPortal = E97A4C692FAFE9D100C528C1 /* Project object */;
			proxyType = 1;
			remoteGlobalIDString = E97A4C702FAFE9D100C528C1;
			remoteInfo = Timelog;
		};
/* End PBXContainerItemProxy section */

/* Begin PBXCopyFilesBuildPhase section */
		FA00000EFA00000EFA00000E /* Embed Foundation Extensions */ = {
			isa = PBXCopyFilesBuildPhase;
			buildActionMask = 2147483647;
			dstPath = "";
			dstSubfolderSpec = 13;
			files = (
				FA00000DFA00000DFA00000D /* TimelogWidget.appex in Embed Foundation Extensions */,
			);
			name = "Embed Foundation Extensions";
			runOnlyForDeploymentPostprocessing = 0;
		};
/* End PBXCopyFilesBuildPhase section */

/* Begin PBXFileReference section */
		FA000002FA000002FA000002 /* TimelogWidget.appex */ = {isa = PBXFileReference; explicitFileType = "wrapper.app-extension"; includeInIndex = 0; path = TimelogWidget.appex; sourceTree = BUILT_PRODUCTS_DIR; };
		E97A4C712FAFE9D100C528C1 /* Timelog.app */ = {isa = PBXFileReference; explicitFileType = wrapper.application; includeInIndex = 0; path = Timelog.app; sourceTree = BUILT_PRODUCTS_DIR; };
		E97A4C822FAFE9D300C528C1 /* TimelogTests.xctest */ = {isa = PBXFileReference; explicitFileType = wrapper.cfbundle; includeInIndex = 0; path = TimelogTests.xctest; sourceTree = BUILT_PRODUCTS_DIR; };
		E97A4C8C2FAFE9D300C528C1 /* TimelogUITests.xctest */ = {isa = PBXFileReference; explicitFileType = wrapper.cfbundle; includeInIndex = 0; path = TimelogUITests.xctest; sourceTree = BUILT_PRODUCTS_DIR; };
/* End PBXFileReference section */

/* Begin PBXFileSystemSynchronizedBuildFileExceptionSet section */
		FA000004FA000004FA000004 /* Exceptions for "TimelogWidget" folder in "TimelogWidget" target */ = {
			isa = PBXFileSystemSynchronizedBuildFileExceptionSet;
			membershipExceptions = (
				Info.plist,
				TimelogWidget.entitlements,
			);
			target = FA000001FA000001FA000001 /* TimelogWidget */;
		};
		E97A4C942FAFE9D300C528C1 /* Exceptions for "Timelog" folder in "Timelog" target */ = {
			isa = PBXFileSystemSynchronizedBuildFileExceptionSet;
			membershipExceptions = (
				Info.plist,
			);
			target = E97A4C702FAFE9D100C528C1 /* Timelog */;
		};
/* End PBXFileSystemSynchronizedBuildFileExceptionSet section */

/* Begin PBXFileSystemSynchronizedRootGroup section */
		FA000003FA000003FA000003 /* TimelogWidget */ = {
			isa = PBXFileSystemSynchronizedRootGroup;
			exceptions = (
				FA000004FA000004FA000004 /* Exceptions for "TimelogWidget" folder in "TimelogWidget" target */,
			);
			path = TimelogWidget;
			sourceTree = "<group>";
		};
		E97A4C732FAFE9D100C528C1 /* Timelog */ = {
			isa = PBXFileSystemSynchronizedRootGroup;
			exceptions = (
				E97A4C942FAFE9D300C528C1 /* Exceptions for "Timelog" folder in "Timelog" target */,
			);
			path = Timelog;
			sourceTree = "<group>";
		};
		E97A4C852FAFE9D300C528C1 /* TimelogTests */ = {
			isa = PBXFileSystemSynchronizedRootGroup;
			path = TimelogTests;
			sourceTree = "<group>";
		};
		E97A4C8F2FAFE9D300C528C1 /* TimelogUITests */ = {
			isa = PBXFileSystemSynchronizedRootGroup;
			path = TimelogUITests;
			sourceTree = "<group>";
		};
/* End PBXFileSystemSynchronizedRootGroup section */

/* Begin PBXFrameworksBuildPhase section */
		E97A4C6E2FAFE9D100C528C1 /* Frameworks */ = {
			isa = PBXFrameworksBuildPhase;
			buildActionMask = 2147483647;
			files = (
				B17066319DDC41458A535522 /* TimelogCore in Frameworks */,
				AA110011AA110011AA110011 /* TimelogSync in Frameworks */,
			);
			runOnlyForDeploymentPostprocessing = 0;
		};
		FA000006FA000006FA000006 /* Frameworks */ = {
			isa = PBXFrameworksBuildPhase;
			buildActionMask = 2147483647;
			files = (
				FA00000CFA00000CFA00000C /* TimelogCore in Frameworks */,
			);
			runOnlyForDeploymentPostprocessing = 0;
		};
		E97A4C7F2FAFE9D300C528C1 /* Frameworks */ = {
			isa = PBXFrameworksBuildPhase;
			buildActionMask = 2147483647;
			files = (
			);
			runOnlyForDeploymentPostprocessing = 0;
		};
		E97A4C892FAFE9D300C528C1 /* Frameworks */ = {
			isa = PBXFrameworksBuildPhase;
			buildActionMask = 2147483647;
			files = (
			);
			runOnlyForDeploymentPostprocessing = 0;
		};
/* End PBXFrameworksBuildPhase section */

/* Begin PBXGroup section */
		E97A4C682FAFE9D100C528C1 = {
			isa = PBXGroup;
			children = (
				E97A4C732FAFE9D100C528C1 /* Timelog */,
				FA000003FA000003FA000003 /* TimelogWidget */,
				E97A4C852FAFE9D300C528C1 /* TimelogTests */,
				E97A4C8F2FAFE9D300C528C1 /* TimelogUITests */,
				E97A4C722FAFE9D100C528C1 /* Products */,
			);
			sourceTree = "<group>";
		};
		E97A4C722FAFE9D100C528C1 /* Products */ = {
			isa = PBXGroup;
			children = (
				E97A4C712FAFE9D100C528C1 /* Timelog.app */,
				FA000002FA000002FA000002 /* TimelogWidget.appex */,
				E97A4C822FAFE9D300C528C1 /* TimelogTests.xctest */,
				E97A4C8C2FAFE9D300C528C1 /* TimelogUITests.xctest */,
			);
			name = Products;
			sourceTree = "<group>";
		};
/* End PBXGroup section */

/* Begin PBXNativeTarget section */
		E97A4C702FAFE9D100C528C1 /* Timelog */ = {
			isa = PBXNativeTarget;
			buildConfigurationList = E97A4C952FAFE9D300C528C1 /* Build configuration list for PBXNativeTarget "Timelog" */;
			buildPhases = (
				E97A4C6D2FAFE9D100C528C1 /* Sources */,
				E97A4C6E2FAFE9D100C528C1 /* Frameworks */,
				E97A4C6F2FAFE9D100C528C1 /* Resources */,
				FA00000EFA00000EFA00000E /* Embed Foundation Extensions */,
			);
			buildRules = (
			);
			dependencies = (
				FA00000FFA00000FFA00000F /* PBXTargetDependency */,
			);
			fileSystemSynchronizedGroups = (
				E97A4C732FAFE9D100C528C1 /* Timelog */,
			);
			name = Timelog;
			packageProductDependencies = (
				CD0C797427FE40D09F52EBAA /* TimelogCore */,
				AA110012AA110012AA110012 /* TimelogSync */,
			);
			productName = Timelog;
			productReference = E97A4C712FAFE9D100C528C1 /* Timelog.app */;
			productType = "com.apple.product-type.application";
		};
		FA000001FA000001FA000001 /* TimelogWidget */ = {
			isa = PBXNativeTarget;
			buildConfigurationList = FA00000AFA00000AFA00000A /* Build configuration list for PBXNativeTarget "TimelogWidget" */;
			buildPhases = (
				FA000005FA000005FA000005 /* Sources */,
				FA000006FA000006FA000006 /* Frameworks */,
				FA000007FA000007FA000007 /* Resources */,
			);
			buildRules = (
			);
			dependencies = (
			);
			fileSystemSynchronizedGroups = (
				FA000003FA000003FA000003 /* TimelogWidget */,
			);
			name = TimelogWidget;
			packageProductDependencies = (
				FA00000BFA00000BFA00000B /* TimelogCore */,
			);
			productName = TimelogWidget;
			productReference = FA000002FA000002FA000002 /* TimelogWidget.appex */;
			productType = "com.apple.product-type.app-extension";
		};
		E97A4C812FAFE9D300C528C1 /* TimelogTests */ = {
			isa = PBXNativeTarget;
			buildConfigurationList = E97A4C9A2FAFE9D300C528C1 /* Build configuration list for PBXNativeTarget "TimelogTests" */;
			buildPhases = (
				E97A4C7E2FAFE9D300C528C1 /* Sources */,
				E97A4C7F2FAFE9D300C528C1 /* Frameworks */,
				E97A4C802FAFE9D300C528C1 /* Resources */,
			);
			buildRules = (
			);
			dependencies = (
				E97A4C842FAFE9D300C528C1 /* PBXTargetDependency */,
			);
			fileSystemSynchronizedGroups = (
				E97A4C852FAFE9D300C528C1 /* TimelogTests */,
			);
			name = TimelogTests;
			packageProductDependencies = (
			);
			productName = TimelogTests;
			productReference = E97A4C822FAFE9D300C528C1 /* TimelogTests.xctest */;
			productType = "com.apple.product-type.bundle.unit-test";
		};
		E97A4C8B2FAFE9D300C528C1 /* TimelogUITests */ = {
			isa = PBXNativeTarget;
			buildConfigurationList = E97A4C9D2FAFE9D300C528C1 /* Build configuration list for PBXNativeTarget "TimelogUITests" */;
			buildPhases = (
				E97A4C882FAFE9D300C528C1 /* Sources */,
				E97A4C892FAFE9D300C528C1 /* Frameworks */,
				E97A4C8A2FAFE9D300C528C1 /* Resources */,
			);
			buildRules = (
			);
			dependencies = (
				E97A4C8E2FAFE9D300C528C1 /* PBXTargetDependency */,
			);
			fileSystemSynchronizedGroups = (
				E97A4C8F2FAFE9D300C528C1 /* TimelogUITests */,
			);
			name = TimelogUITests;
			packageProductDependencies = (
			);
			productName = TimelogUITests;
			productReference = E97A4C8C2FAFE9D300C528C1 /* TimelogUITests.xctest */;
			productType = "com.apple.product-type.bundle.ui-testing";
		};
/* End PBXNativeTarget section */

/* Begin PBXProject section */
		E97A4C692FAFE9D100C528C1 /* Project object */ = {
			isa = PBXProject;
			attributes = {
				BuildIndependentTargetsInParallel = 1;
				LastSwiftUpdateCheck = 2640;
				LastUpgradeCheck = 2650;
				TargetAttributes = {
					E97A4C702FAFE9D100C528C1 = {
						CreatedOnToolsVersion = 26.4.1;
					};
					E97A4C812FAFE9D300C528C1 = {
						CreatedOnToolsVersion = 26.4.1;
						TestTargetID = E97A4C702FAFE9D100C528C1;
					};
					E97A4C8B2FAFE9D300C528C1 = {
						CreatedOnToolsVersion = 26.4.1;
						TestTargetID = E97A4C702FAFE9D100C528C1;
					};
					FA000001FA000001FA000001 = {
						CreatedOnToolsVersion = 26.4.1;
					};
				};
			};
			buildConfigurationList = E97A4C6C2FAFE9D100C528C1 /* Build configuration list for PBXProject "Timelog" */;
			developmentRegion = en;
			hasScannedForEncodings = 0;
			knownRegions = (
				en,
				it,
				Base,
			);
			mainGroup = E97A4C682FAFE9D100C528C1;
			minimizedProjectReferenceProxies = 1;
			packageReferences = (
				E901B81A2FB11ED500EA36A5 /* XCLocalSwiftPackageReference "TimelogCore" */,
			);
			preferredProjectObjectVersion = 77;
			productRefGroup = E97A4C722FAFE9D100C528C1 /* Products */;
			projectDirPath = "";
			projectRoot = "";
			targets = (
				E97A4C702FAFE9D100C528C1 /* Timelog */,
				FA000001FA000001FA000001 /* TimelogWidget */,
				E97A4C812FAFE9D300C528C1 /* TimelogTests */,
				E97A4C8B2FAFE9D300C528C1 /* TimelogUITests */,
			);
		};
/* End PBXProject section */

/* Begin PBXResourcesBuildPhase section */
		E97A4C6F2FAFE9D100C528C1 /* Resources */ = {
			isa = PBXResourcesBuildPhase;
			buildActionMask = 2147483647;
			files = (
			);
			runOnlyForDeploymentPostprocessing = 0;
		};
		FA000007FA000007FA000007 /* Resources */ = {
			isa = PBXResourcesBuildPhase;
			buildActionMask = 2147483647;
			files = (
			);
			runOnlyForDeploymentPostprocessing = 0;
		};
		E97A4C802FAFE9D300C528C1 /* Resources */ = {
			isa = PBXResourcesBuildPhase;
			buildActionMask = 2147483647;
			files = (
			);
			runOnlyForDeploymentPostprocessing = 0;
		};
		E97A4C8A2FAFE9D300C528C1 /* Resources */ = {
			isa = PBXResourcesBuildPhase;
			buildActionMask = 2147483647;
			files = (
			);
			runOnlyForDeploymentPostprocessing = 0;
		};
/* End PBXResourcesBuildPhase section */

/* Begin PBXSourcesBuildPhase section */
		E97A4C6D2FAFE9D100C528C1 /* Sources */ = {
			isa = PBXSourcesBuildPhase;
			buildActionMask = 2147483647;
			files = (
			);
			runOnlyForDeploymentPostprocessing = 0;
		};
		FA000005FA000005FA000005 /* Sources */ = {
			isa = PBXSourcesBuildPhase;
			buildActionMask = 2147483647;
			files = (
			);
			runOnlyForDeploymentPostprocessing = 0;
		};
		E97A4C7E2FAFE9D300C528C1 /* Sources */ = {
			isa = PBXSourcesBuildPhase;
			buildActionMask = 2147483647;
			files = (
			);
			runOnlyForDeploymentPostprocessing = 0;
		};
		E97A4C882FAFE9D300C528C1 /* Sources */ = {
			isa = PBXSourcesBuildPhase;
			buildActionMask = 2147483647;
			files = (
			);
			runOnlyForDeploymentPostprocessing = 0;
		};
/* End PBXSourcesBuildPhase section */

/* Begin PBXTargetDependency section */
		FA00000FFA00000FFA00000F /* PBXTargetDependency */ = {
			isa = PBXTargetDependency;
			target = FA000001FA000001FA000001 /* TimelogWidget */;
			targetProxy = FA000010FA000010FA000010 /* PBXContainerItemProxy */;
		};
		E97A4C842FAFE9D300C528C1 /* PBXTargetDependency */ = {
			isa = PBXTargetDependency;
			target = E97A4C702FAFE9D100C528C1 /* Timelog */;
			targetProxy = E97A4C832FAFE9D300C528C1 /* PBXContainerItemProxy */;
		};
		E97A4C8E2FAFE9D300C528C1 /* PBXTargetDependency */ = {
			isa = PBXTargetDependency;
			target = E97A4C702FAFE9D100C528C1 /* Timelog */;
			targetProxy = E97A4C8D2FAFE9D300C528C1 /* PBXContainerItemProxy */;
		};
/* End PBXTargetDependency section */

/* Begin XCBuildConfiguration section */
		E97A4C962FAFE9D300C528C1 /* Debug */ = {
			isa = XCBuildConfiguration;
			buildSettings = {
				ASSETCATALOG_COMPILER_APPICON_NAME = AppIcon;
				ASSETCATALOG_COMPILER_GLOBAL_ACCENT_COLOR_NAME = AccentColor;
				ASSETCATALOG_COMPILER_INCLUDE_ALL_APPICON_ASSETS = YES;
				CODE_SIGN_ENTITLEMENTS = Timelog/Timelog.entitlements;
				CODE_SIGN_STYLE = Automatic;
				CURRENT_PROJECT_VERSION = 41;
				DEVELOPMENT_TEAM = PW7G4XJ7H7;
				ENABLE_PREVIEWS = YES;
				GENERATE_INFOPLIST_FILE = YES;
				INFOPLIST_FILE = Timelog/Info.plist;
				INFOPLIST_KEY_CFBundleDisplayName = Timelog;
				INFOPLIST_KEY_LSApplicationCategoryType = "public.app-category.productivity";
				INFOPLIST_KEY_UIApplicationSceneManifest_Generation = YES;
				INFOPLIST_KEY_UIApplicationSupportsIndirectInputEvents = YES;
				INFOPLIST_KEY_UILaunchScreen_Generation = YES;
				INFOPLIST_KEY_UISupportedInterfaceOrientations_iPad = "UIInterfaceOrientationPortrait UIInterfaceOrientationPortraitUpsideDown UIInterfaceOrientationLandscapeLeft UIInterfaceOrientationLandscapeRight";
				INFOPLIST_KEY_UISupportedInterfaceOrientations_iPhone = "UIInterfaceOrientationPortrait UIInterfaceOrientationLandscapeLeft UIInterfaceOrientationLandscapeRight";
				IPHONEOS_DEPLOYMENT_TARGET = 26.0;
				LD_RUNPATH_SEARCH_PATHS = (
					"$(inherited)",
					"@executable_path/Frameworks",
				);
				MARKETING_VERSION = 1.4.6;
				PRODUCT_BUNDLE_IDENTIFIER = me.albz.timelog;
				PRODUCT_NAME = "$(TARGET_NAME)";
				STRING_CATALOG_GENERATE_SYMBOLS = YES;
				SUPPORTED_PLATFORMS = "iphoneos iphonesimulator";
				SUPPORTS_MACCATALYST = NO;
				SUPPORTS_MAC_DESIGNED_FOR_IPHONE_IPAD = NO;
				SUPPORTS_XR_DESIGNED_FOR_IPHONE_IPAD = NO;
				SWIFT_APPROACHABLE_CONCURRENCY = YES;
				SWIFT_DEFAULT_ACTOR_ISOLATION = MainActor;
				SWIFT_EMIT_LOC_STRINGS = YES;
				SWIFT_UPCOMING_FEATURE_MEMBER_IMPORT_VISIBILITY = YES;
				SWIFT_VERSION = 5.0;
				TARGETED_DEVICE_FAMILY = 1;
			};
			name = Debug;
		};
		E97A4C972FAFE9D300C528C1 /* Release */ = {
			isa = XCBuildConfiguration;
			buildSettings = {
				ASSETCATALOG_COMPILER_APPICON_NAME = AppIcon;
				ASSETCATALOG_COMPILER_GLOBAL_ACCENT_COLOR_NAME = AccentColor;
				ASSETCATALOG_COMPILER_INCLUDE_ALL_APPICON_ASSETS = YES;
				CODE_SIGN_ENTITLEMENTS = Timelog/Timelog.entitlements;
				CODE_SIGN_STYLE = Automatic;
				CURRENT_PROJECT_VERSION = 41;
				DEVELOPMENT_TEAM = PW7G4XJ7H7;
				ENABLE_PREVIEWS = YES;
				GENERATE_INFOPLIST_FILE = YES;
				INFOPLIST_FILE = Timelog/Info.plist;
				INFOPLIST_KEY_CFBundleDisplayName = Timelog;
				INFOPLIST_KEY_LSApplicationCategoryType = "public.app-category.productivity";
				INFOPLIST_KEY_UIApplicationSceneManifest_Generation = YES;
				INFOPLIST_KEY_UIApplicationSupportsIndirectInputEvents = YES;
				INFOPLIST_KEY_UILaunchScreen_Generation = YES;
				INFOPLIST_KEY_UISupportedInterfaceOrientations_iPad = "UIInterfaceOrientationPortrait UIInterfaceOrientationPortraitUpsideDown UIInterfaceOrientationLandscapeLeft UIInterfaceOrientationLandscapeRight";
				INFOPLIST_KEY_UISupportedInterfaceOrientations_iPhone = "UIInterfaceOrientationPortrait UIInterfaceOrientationLandscapeLeft UIInterfaceOrientationLandscapeRight";
				IPHONEOS_DEPLOYMENT_TARGET = 26.0;
				LD_RUNPATH_SEARCH_PATHS = (
					"$(inherited)",
					"@executable_path/Frameworks",
				);
				MARKETING_VERSION = 1.4.6;
				PRODUCT_BUNDLE_IDENTIFIER = me.albz.timelog;
				PRODUCT_NAME = "$(TARGET_NAME)";
				STRING_CATALOG_GENERATE_SYMBOLS = YES;
				SUPPORTED_PLATFORMS = "iphoneos iphonesimulator";
				SUPPORTS_MACCATALYST = NO;
				SUPPORTS_MAC_DESIGNED_FOR_IPHONE_IPAD = NO;
				SUPPORTS_XR_DESIGNED_FOR_IPHONE_IPAD = NO;
				SWIFT_APPROACHABLE_CONCURRENCY = YES;
				SWIFT_DEFAULT_ACTOR_ISOLATION = MainActor;
				SWIFT_EMIT_LOC_STRINGS = YES;
				SWIFT_UPCOMING_FEATURE_MEMBER_IMPORT_VISIBILITY = YES;
				SWIFT_VERSION = 5.0;
				TARGETED_DEVICE_FAMILY = 1;
			};
			name = Release;
		};
		E97A4C982FAFE9D300C528C1 /* Debug */ = {
			isa = XCBuildConfiguration;
			buildSettings = {
				ALWAYS_SEARCH_USER_PATHS = NO;
				ASSETCATALOG_COMPILER_GENERATE_SWIFT_ASSET_SYMBOL_EXTENSIONS = YES;
				CLANG_ANALYZER_NONNULL = YES;
				CLANG_ANALYZER_NUMBER_OBJECT_CONVERSION = YES_AGGRESSIVE;
				CLANG_CXX_LANGUAGE_STANDARD = "gnu++20";
				CLANG_ENABLE_MODULES = YES;
				CLANG_ENABLE_OBJC_ARC = YES;
				CLANG_ENABLE_OBJC_WEAK = YES;
				CLANG_WARN_BLOCK_CAPTURE_AUTORELEASING = YES;
				CLANG_WARN_BOOL_CONVERSION = YES;
				CLANG_WARN_COMMA = YES;
				CLANG_WARN_CONSTANT_CONVERSION = YES;
				CLANG_WARN_DEPRECATED_OBJC_IMPLEMENTATIONS = YES;
				CLANG_WARN_DIRECT_OBJC_ISA_USAGE = YES_ERROR;
				CLANG_WARN_DOCUMENTATION_COMMENTS = YES;
				CLANG_WARN_EMPTY_BODY = YES;
				CLANG_WARN_ENUM_CONVERSION = YES;
				CLANG_WARN_INFINITE_RECURSION = YES;
				CLANG_WARN_INT_CONVERSION = YES;
				CLANG_WARN_NON_LITERAL_NULL_CONVERSION = YES;
				CLANG_WARN_OBJC_IMPLICIT_RETAIN_SELF = YES;
				CLANG_WARN_OBJC_LITERAL_CONVERSION = YES;
				CLANG_WARN_OBJC_ROOT_CLASS = YES_ERROR;
				CLANG_WARN_QUOTED_INCLUDE_IN_FRAMEWORK_HEADER = YES;
				CLANG_WARN_RANGE_LOOP_ANALYSIS = YES;
				CLANG_WARN_STRICT_PROTOTYPES = YES;
				CLANG_WARN_SUSPICIOUS_MOVE = YES;
				CLANG_WARN_UNGUARDED_AVAILABILITY = YES_AGGRESSIVE;
				CLANG_WARN_UNREACHABLE_CODE = YES;
				CLANG_WARN__DUPLICATE_METHOD_MATCH = YES;
				COPY_PHASE_STRIP = NO;
				DEBUG_INFORMATION_FORMAT = dwarf;
				DEVELOPMENT_TEAM = PW7G4XJ7H7;
				ENABLE_STRICT_OBJC_MSGSEND = YES;
				ENABLE_TESTABILITY = YES;
				ENABLE_USER_SCRIPT_SANDBOXING = YES;
				GCC_C_LANGUAGE_STANDARD = gnu17;
				GCC_DYNAMIC_NO_PIC = NO;
				GCC_NO_COMMON_BLOCKS = YES;
				GCC_OPTIMIZATION_LEVEL = 0;
				GCC_PREPROCESSOR_DEFINITIONS = (
					"DEBUG=1",
					"$(inherited)",
				);
				GCC_WARN_64_TO_32_BIT_CONVERSION = YES;
				GCC_WARN_ABOUT_RETURN_TYPE = YES_ERROR;
				GCC_WARN_UNDECLARED_SELECTOR = YES;
				GCC_WARN_UNINITIALIZED_AUTOS = YES_AGGRESSIVE;
				GCC_WARN_UNUSED_FUNCTION = YES;
				GCC_WARN_UNUSED_VARIABLE = YES;
				IPHONEOS_DEPLOYMENT_TARGET = 16.6;
				LOCALIZATION_PREFERS_STRING_CATALOGS = YES;
				MTL_ENABLE_DEBUG_INFO = INCLUDE_SOURCE;
				MTL_FAST_MATH = YES;
				ONLY_ACTIVE_ARCH = YES;
				SDKROOT = iphoneos;
				STRING_CATALOG_GENERATE_SYMBOLS = YES;
				SWIFT_ACTIVE_COMPILATION_CONDITIONS = "DEBUG $(inherited)";
				SWIFT_OPTIMIZATION_LEVEL = "-Onone";
			};
			name = Debug;
		};
		E97A4C992FAFE9D300C528C1 /* Release */ = {
			isa = XCBuildConfiguration;
			buildSettings = {
				ALWAYS_SEARCH_USER_PATHS = NO;
				ASSETCATALOG_COMPILER_GENERATE_SWIFT_ASSET_SYMBOL_EXTENSIONS = YES;
				CLANG_ANALYZER_NONNULL = YES;
				CLANG_ANALYZER_NUMBER_OBJECT_CONVERSION = YES_AGGRESSIVE;
				CLANG_CXX_LANGUAGE_STANDARD = "gnu++20";
				CLANG_ENABLE_MODULES = YES;
				CLANG_ENABLE_OBJC_ARC = YES;
				CLANG_ENABLE_OBJC_WEAK = YES;
				CLANG_WARN_BLOCK_CAPTURE_AUTORELEASING = YES;
				CLANG_WARN_BOOL_CONVERSION = YES;
				CLANG_WARN_COMMA = YES;
				CLANG_WARN_CONSTANT_CONVERSION = YES;
				CLANG_WARN_DEPRECATED_OBJC_IMPLEMENTATIONS = YES;
				CLANG_WARN_DIRECT_OBJC_ISA_USAGE = YES_ERROR;
				CLANG_WARN_DOCUMENTATION_COMMENTS = YES;
				CLANG_WARN_EMPTY_BODY = YES;
				CLANG_WARN_ENUM_CONVERSION = YES;
				CLANG_WARN_INFINITE_RECURSION = YES;
				CLANG_WARN_INT_CONVERSION = YES;
				CLANG_WARN_NON_LITERAL_NULL_CONVERSION = YES;
				CLANG_WARN_OBJC_IMPLICIT_RETAIN_SELF = YES;
				CLANG_WARN_OBJC_LITERAL_CONVERSION = YES;
				CLANG_WARN_OBJC_ROOT_CLASS = YES_ERROR;
				CLANG_WARN_QUOTED_INCLUDE_IN_FRAMEWORK_HEADER = YES;
				CLANG_WARN_RANGE_LOOP_ANALYSIS = YES;
				CLANG_WARN_STRICT_PROTOTYPES = YES;
				CLANG_WARN_SUSPICIOUS_MOVE = YES;
				CLANG_WARN_UNGUARDED_AVAILABILITY = YES_AGGRESSIVE;
				CLANG_WARN_UNREACHABLE_CODE = YES;
				CLANG_WARN__DUPLICATE_METHOD_MATCH = YES;
				COPY_PHASE_STRIP = NO;
				DEBUG_INFORMATION_FORMAT = "dwarf-with-dsym";
				DEVELOPMENT_TEAM = PW7G4XJ7H7;
				ENABLE_NS_ASSERTIONS = NO;
				ENABLE_STRICT_OBJC_MSGSEND = YES;
				ENABLE_USER_SCRIPT_SANDBOXING = YES;
				GCC_C_LANGUAGE_STANDARD = gnu17;
				GCC_NO_COMMON_BLOCKS = YES;
				GCC_WARN_64_TO_32_BIT_CONVERSION = YES;
				GCC_WARN_ABOUT_RETURN_TYPE = YES_ERROR;
				GCC_WARN_UNDECLARED_SELECTOR = YES;
				GCC_WARN_UNINITIALIZED_AUTOS = YES_AGGRESSIVE;
				GCC_WARN_UNUSED_FUNCTION = YES;
				GCC_WARN_UNUSED_VARIABLE = YES;
				IPHONEOS_DEPLOYMENT_TARGET = 16.6;
				LOCALIZATION_PREFERS_STRING_CATALOGS = YES;
				MTL_ENABLE_DEBUG_INFO = NO;
				MTL_FAST_MATH = YES;
				SDKROOT = iphoneos;
				STRING_CATALOG_GENERATE_SYMBOLS = YES;
				SWIFT_COMPILATION_MODE = wholemodule;
				VALIDATE_PRODUCT = YES;
			};
			name = Release;
		};
		E97A4C9B2FAFE9D300C528C1 /* Debug */ = {
			isa = XCBuildConfiguration;
			buildSettings = {
				BUNDLE_LOADER = "$(TEST_HOST)";
				CODE_SIGN_STYLE = Automatic;
				CURRENT_PROJECT_VERSION = 41;
				DEVELOPMENT_TEAM = PW7G4XJ7H7;
				GENERATE_INFOPLIST_FILE = YES;
				IPHONEOS_DEPLOYMENT_TARGET = 26.4;
				MARKETING_VERSION = 1.4.6;
				PRODUCT_BUNDLE_IDENTIFIER = me.albz.timelog.tests;
				PRODUCT_NAME = "$(TARGET_NAME)";
				STRING_CATALOG_GENERATE_SYMBOLS = NO;
				SWIFT_APPROACHABLE_CONCURRENCY = YES;
				SWIFT_EMIT_LOC_STRINGS = NO;
				SWIFT_UPCOMING_FEATURE_MEMBER_IMPORT_VISIBILITY = YES;
				SWIFT_VERSION = 5.0;
				TARGETED_DEVICE_FAMILY = "1,2";
				TEST_HOST = "$(BUILT_PRODUCTS_DIR)/Timelog.app/$(BUNDLE_EXECUTABLE_FOLDER_PATH)/Timelog";
			};
			name = Debug;
		};
		E97A4C9C2FAFE9D300C528C1 /* Release */ = {
			isa = XCBuildConfiguration;
			buildSettings = {
				BUNDLE_LOADER = "$(TEST_HOST)";
				CODE_SIGN_STYLE = Automatic;
				CURRENT_PROJECT_VERSION = 41;
				DEVELOPMENT_TEAM = PW7G4XJ7H7;
				GENERATE_INFOPLIST_FILE = YES;
				IPHONEOS_DEPLOYMENT_TARGET = 26.4;
				MARKETING_VERSION = 1.4.6;
				PRODUCT_BUNDLE_IDENTIFIER = me.albz.timelog.tests;
				PRODUCT_NAME = "$(TARGET_NAME)";
				STRING_CATALOG_GENERATE_SYMBOLS = NO;
				SWIFT_APPROACHABLE_CONCURRENCY = YES;
				SWIFT_EMIT_LOC_STRINGS = NO;
				SWIFT_UPCOMING_FEATURE_MEMBER_IMPORT_VISIBILITY = YES;
				SWIFT_VERSION = 5.0;
				TARGETED_DEVICE_FAMILY = "1,2";
				TEST_HOST = "$(BUILT_PRODUCTS_DIR)/Timelog.app/$(BUNDLE_EXECUTABLE_FOLDER_PATH)/Timelog";
			};
			name = Release;
		};
		E97A4C9E2FAFE9D300C528C1 /* Debug */ = {
			isa = XCBuildConfiguration;
			buildSettings = {
				CODE_SIGN_STYLE = Automatic;
				CURRENT_PROJECT_VERSION = 41;
				DEVELOPMENT_TEAM = PW7G4XJ7H7;
				GENERATE_INFOPLIST_FILE = YES;
				MARKETING_VERSION = 1.4.6;
				PRODUCT_BUNDLE_IDENTIFIER = me.albz.timelog.uitests;
				PRODUCT_NAME = "$(TARGET_NAME)";
				STRING_CATALOG_GENERATE_SYMBOLS = NO;
				SWIFT_APPROACHABLE_CONCURRENCY = YES;
				SWIFT_EMIT_LOC_STRINGS = NO;
				SWIFT_UPCOMING_FEATURE_MEMBER_IMPORT_VISIBILITY = YES;
				SWIFT_VERSION = 5.0;
				TARGETED_DEVICE_FAMILY = "1,2";
				TEST_TARGET_NAME = Timelog;
			};
			name = Debug;
		};
		E97A4C9F2FAFE9D300C528C1 /* Release */ = {
			isa = XCBuildConfiguration;
			buildSettings = {
				CODE_SIGN_STYLE = Automatic;
				CURRENT_PROJECT_VERSION = 41;
				DEVELOPMENT_TEAM = PW7G4XJ7H7;
				GENERATE_INFOPLIST_FILE = YES;
				MARKETING_VERSION = 1.4.6;
				PRODUCT_BUNDLE_IDENTIFIER = me.albz.timelog.uitests;
				PRODUCT_NAME = "$(TARGET_NAME)";
				STRING_CATALOG_GENERATE_SYMBOLS = NO;
				SWIFT_APPROACHABLE_CONCURRENCY = YES;
				SWIFT_EMIT_LOC_STRINGS = NO;
				SWIFT_UPCOMING_FEATURE_MEMBER_IMPORT_VISIBILITY = YES;
				SWIFT_VERSION = 5.0;
				TARGETED_DEVICE_FAMILY = "1,2";
				TEST_TARGET_NAME = Timelog;
			};
			name = Release;
		};
		FA000008FA000008FA000008 /* Debug */ = {
			isa = XCBuildConfiguration;
			buildSettings = {
				CODE_SIGN_ENTITLEMENTS = TimelogWidget/TimelogWidget.entitlements;
				CODE_SIGN_STYLE = Automatic;
				CURRENT_PROJECT_VERSION = 41;
				DEVELOPMENT_TEAM = PW7G4XJ7H7;
				INFOPLIST_FILE = TimelogWidget/Info.plist;
				INFOPLIST_KEY_CFBundleDisplayName = TimelogWidget;
				IPHONEOS_DEPLOYMENT_TARGET = 17.0;
				LD_RUNPATH_SEARCH_PATHS = (
					"$(inherited)",
					"@executable_path/Frameworks",
					"@executable_path/../../Frameworks",
				);
				MARKETING_VERSION = 1.4.6;
				PRODUCT_BUNDLE_IDENTIFIER = me.albz.timelog.TimelogWidget;
				PRODUCT_NAME = "$(TARGET_NAME)";
				SKIP_INSTALL = YES;
				STRING_CATALOG_GENERATE_SYMBOLS = YES;
				SUPPORTED_PLATFORMS = "iphoneos iphonesimulator";
				SUPPORTS_MACCATALYST = NO;
				SWIFT_APPROACHABLE_CONCURRENCY = YES;
				SWIFT_DEFAULT_ACTOR_ISOLATION = MainActor;
				SWIFT_EMIT_LOC_STRINGS = YES;
				SWIFT_UPCOMING_FEATURE_MEMBER_IMPORT_VISIBILITY = YES;
				SWIFT_VERSION = 5.0;
				TARGETED_DEVICE_FAMILY = "1,2";
			};
			name = Debug;
		};
		FA000009FA000009FA000009 /* Release */ = {
			isa = XCBuildConfiguration;
			buildSettings = {
				CODE_SIGN_ENTITLEMENTS = TimelogWidget/TimelogWidget.entitlements;
				CODE_SIGN_STYLE = Automatic;
				CURRENT_PROJECT_VERSION = 41;
				DEVELOPMENT_TEAM = PW7G4XJ7H7;
				INFOPLIST_FILE = TimelogWidget/Info.plist;
				INFOPLIST_KEY_CFBundleDisplayName = TimelogWidget;
				IPHONEOS_DEPLOYMENT_TARGET = 17.0;
				LD_RUNPATH_SEARCH_PATHS = (
					"$(inherited)",
					"@executable_path/Frameworks",
					"@executable_path/../../Frameworks",
				);
				MARKETING_VERSION = 1.4.6;
				PRODUCT_BUNDLE_IDENTIFIER = me.albz.timelog.TimelogWidget;
				PRODUCT_NAME = "$(TARGET_NAME)";
				SKIP_INSTALL = YES;
				STRING_CATALOG_GENERATE_SYMBOLS = YES;
				SUPPORTED_PLATFORMS = "iphoneos iphonesimulator";
				SUPPORTS_MACCATALYST = NO;
				SWIFT_APPROACHABLE_CONCURRENCY = YES;
				SWIFT_DEFAULT_ACTOR_ISOLATION = MainActor;
				SWIFT_EMIT_LOC_STRINGS = YES;
				SWIFT_UPCOMING_FEATURE_MEMBER_IMPORT_VISIBILITY = YES;
				SWIFT_VERSION = 5.0;
				TARGETED_DEVICE_FAMILY = "1,2";
			};
			name = Release;
		};
/* End XCBuildConfiguration section */

/* Begin XCConfigurationList section */
		E97A4C6C2FAFE9D100C528C1 /* Build configuration list for PBXProject "Timelog" */ = {
			isa = XCConfigurationList;
			buildConfigurations = (
				E97A4C982FAFE9D300C528C1 /* Debug */,
				E97A4C992FAFE9D300C528C1 /* Release */,
			);
			defaultConfigurationIsVisible = 0;
			defaultConfigurationName = Release;
		};
		E97A4C952FAFE9D300C528C1 /* Build configuration list for PBXNativeTarget "Timelog" */ = {
			isa = XCConfigurationList;
			buildConfigurations = (
				E97A4C962FAFE9D300C528C1 /* Debug */,
				E97A4C972FAFE9D300C528C1 /* Release */,
			);
			defaultConfigurationIsVisible = 0;
			defaultConfigurationName = Release;
		};
		E97A4C9A2FAFE9D300C528C1 /* Build configuration list for PBXNativeTarget "TimelogTests" */ = {
			isa = XCConfigurationList;
			buildConfigurations = (
				E97A4C9B2FAFE9D300C528C1 /* Debug */,
				E97A4C9C2FAFE9D300C528C1 /* Release */,
			);
			defaultConfigurationIsVisible = 0;
			defaultConfigurationName = Release;
		};
		E97A4C9D2FAFE9D300C528C1 /* Build configuration list for PBXNativeTarget "TimelogUITests" */ = {
			isa = XCConfigurationList;
			buildConfigurations = (
				E97A4C9E2FAFE9D300C528C1 /* Debug */,
				E97A4C9F2FAFE9D300C528C1 /* Release */,
			);
			defaultConfigurationIsVisible = 0;
			defaultConfigurationName = Release;
		};
		FA00000AFA00000AFA00000A /* Build configuration list for PBXNativeTarget "TimelogWidget" */ = {
			isa = XCConfigurationList;
			buildConfigurations = (
				FA000008FA000008FA000008 /* Debug */,
				FA000009FA000009FA000009 /* Release */,
			);
			defaultConfigurationIsVisible = 0;
			defaultConfigurationName = Release;
		};
/* End XCConfigurationList section */

/* Begin XCLocalSwiftPackageReference section */
		E901B81A2FB11ED500EA36A5 /* XCLocalSwiftPackageReference "TimelogCore" */ = {
			isa = XCLocalSwiftPackageReference;
			relativePath = TimelogCore;
		};
/* End XCLocalSwiftPackageReference section */

/* Begin XCSwiftPackageProductDependency section */
		AA110012AA110012AA110012 /* TimelogSync */ = {
			isa = XCSwiftPackageProductDependency;
			package = E901B81A2FB11ED500EA36A5 /* XCLocalSwiftPackageReference "TimelogCore" */;
			productName = TimelogSync;
		};
		CD0C797427FE40D09F52EBAA /* TimelogCore */ = {
			isa = XCSwiftPackageProductDependency;
			package = E901B81A2FB11ED500EA36A5 /* XCLocalSwiftPackageReference "TimelogCore" */;
			productName = TimelogCore;
		};
		FA00000BFA00000BFA00000B /* TimelogCore */ = {
			isa = XCSwiftPackageProductDependency;
			package = E901B81A2FB11ED500EA36A5 /* XCLocalSwiftPackageReference "TimelogCore" */;
			productName = TimelogCore;
		};
/* End XCSwiftPackageProductDependency section */
	};
	rootObject = E97A4C692FAFE9D100C528C1 /* Project object */;
}
